
Microsoft Visual Studio Solution File, Format Version 12.00
# Visual Studio Version 17
VisualStudioVersion = 17.7.34031.279
MinimumVisualStudioVersion = 10.0.40219.1
Project("{9A19103F-16F7-4668-BE54-9A1E7A4F7556}") = "FirstOfficer", "FirstOfficer\FirstOfficer.csproj", "{92D44DDB-2633-4112-A57E-B2B276EA2119}"
EndProject
Project("{9A19103F-16F7-4668-BE54-9A1E7A4F7556}") = "FirstOfficer.Tests", "FirstOfficer.Tests\FirstOfficer.Tests.csproj", "{00DAB054-5DCE-42DC-BCC7-59B7AEF64339}"
EndProject
Global
	GlobalSection(SolutionConfigurationPlatforms) = preSolution
		Debug|Any CPU = Debug|Any CPU
		Release|Any CPU = Release|Any CPU
	EndGlobalSection
	GlobalSection(ProjectConfigurationPlatforms) = postSolution
		{92D44DDB-2633-4112-A57E-B2B276EA2119}.Debug|Any CPU.ActiveCfg = Debug|Any CPU
		{92D44DDB-2633-4112-A57E-B2B276EA2119}.Debug|Any CPU.Build.0 = Debug|Any CPU
		{92D44DDB-2633-4112-A57E-B2B276EA2119}.Release|Any CPU.ActiveCfg = Release|Any CPU
		{92D44DDB-2633-4112-A57E-B2B276EA2119}.Release|Any CPU.Build.0 = Release|Any CPU
		{00DAB054-5DCE-42DC-BCC7-59B7AEF64339}.Debug|Any CPU.ActiveCfg = Debug|Any CPU
		{00DAB054-5DCE-42DC-BCC7-59B7AEF64339}.Debug|Any CPU.Build.0 = Debug|Any CPU
		{00DAB054-5DCE-42DC-BCC7-59B7AEF64339}.Release|Any CPU.ActiveCfg = Release|Any CPU
		{00DAB054-5DCE-42DC-BCC7-59B7AEF64339}.Release|Any CPU.Build.0 = Release|Any CPU
	EndGlobalSection
	GlobalSection(SolutionProperties) = preSolution
		HideSolutionNode = FALSE
	EndGlobalSection
	GlobalSection(ExtensibilityGlobals) = postSolution
		SolutionGuid = {407AF04C-38E7-4F54-9EA8-77B248181C83}
	EndGlobalSection
EndGlobal
