
Microsoft Visual Studio Solution File, Format Version 12.00
# Visual Studio Version 17
VisualStudioVersion = 17.7.34031.279
MinimumVisualStudioVersion = 10.0.40219.1
Project("{9A19103F-16F7-4668-BE54-9A1E7A4F7556}") = "FirstOfficer.Core", "FirstOfficer.Core\FirstOfficer.Core.csproj", "{34EC442C-E0D9-4A71-9B8C-48305555D271}"
EndProject
Project("{9A19103F-16F7-4668-BE54-9A1E7A4F7556}") = "FirstOfficer.Data", "FirstOfficer.Data\FirstOfficer.Data.csproj", "{56AB05D9-AB85-43F8-B4B7-0AD22509B1F6}"
EndProject
Project("{9A19103F-16F7-4668-BE54-9A1E7A4F7556}") = "FirstOfficer.Generator", "FirstOfficer.Generator\FirstOfficer.Generator.csproj", "{B7F0D96C-7818-40F8-9051-7946458C6172}"
EndProject
Project("{9A19103F-16F7-4668-BE54-9A1E7A4F7556}") = "FirstOfficer.Mapping", "FirstOfficer.Mapping\FirstOfficer.Mapping.csproj", "{7B882BE9-2EEC-4A78-AF50-E101F033540B}"
EndProject
Project("{9A19103F-16F7-4668-BE54-9A1E7A4F7556}") = "FirstOfficer.Tests", "FirstOfficer.Tests\FirstOfficer.Tests.csproj", "{FF0DBDDC-C17A-4974-98FD-C3AA2A8272DC}"
EndProject
Project("{FAE04EC0-301F-11D3-BF4B-00C04F79EFBC}") = "FirstOfficer.Api", "FirstOfficer.Api\FirstOfficer.Api.csproj", "{4F2E2FC0-869D-433B-A674-44B7F1C24184}"
EndProject
Global
	GlobalSection(SolutionConfigurationPlatforms) = preSolution
		Debug|Any CPU = Debug|Any CPU
		Release|Any CPU = Release|Any CPU
	EndGlobalSection
	GlobalSection(ProjectConfigurationPlatforms) = postSolution
		{34EC442C-E0D9-4A71-9B8C-48305555D271}.Debug|Any CPU.ActiveCfg = Debug|Any CPU
		{34EC442C-E0D9-4A71-9B8C-48305555D271}.Debug|Any CPU.Build.0 = Debug|Any CPU
		{34EC442C-E0D9-4A71-9B8C-48305555D271}.Release|Any CPU.ActiveCfg = Release|Any CPU
		{34EC442C-E0D9-4A71-9B8C-48305555D271}.Release|Any CPU.Build.0 = Release|Any CPU
		{56AB05D9-AB85-43F8-B4B7-0AD22509B1F6}.Debug|Any CPU.ActiveCfg = Debug|Any CPU
		{56AB05D9-AB85-43F8-B4B7-0AD22509B1F6}.Debug|Any CPU.Build.0 = Debug|Any CPU
		{56AB05D9-AB85-43F8-B4B7-0AD22509B1F6}.Release|Any CPU.ActiveCfg = Release|Any CPU
		{56AB05D9-AB85-43F8-B4B7-0AD22509B1F6}.Release|Any CPU.Build.0 = Release|Any CPU
		{B7F0D96C-7818-40F8-9051-7946458C6172}.Debug|Any CPU.ActiveCfg = Debug|Any CPU
		{B7F0D96C-7818-40F8-9051-7946458C6172}.Debug|Any CPU.Build.0 = Debug|Any CPU
		{B7F0D96C-7818-40F8-9051-7946458C6172}.Release|Any CPU.ActiveCfg = Release|Any CPU
		{B7F0D96C-7818-40F8-9051-7946458C6172}.Release|Any CPU.Build.0 = Release|Any CPU
		{7B882BE9-2EEC-4A78-AF50-E101F033540B}.Debug|Any CPU.ActiveCfg = Debug|Any CPU
		{7B882BE9-2EEC-4A78-AF50-E101F033540B}.Debug|Any CPU.Build.0 = Debug|Any CPU
		{7B882BE9-2EEC-4A78-AF50-E101F033540B}.Release|Any CPU.ActiveCfg = Release|Any CPU
		{7B882BE9-2EEC-4A78-AF50-E101F033540B}.Release|Any CPU.Build.0 = Release|Any CPU
		{FF0DBDDC-C17A-4974-98FD-C3AA2A8272DC}.Debug|Any CPU.ActiveCfg = Debug|Any CPU
		{FF0DBDDC-C17A-4974-98FD-C3AA2A8272DC}.Debug|Any CPU.Build.0 = Debug|Any CPU
		{FF0DBDDC-C17A-4974-98FD-C3AA2A8272DC}.Release|Any CPU.ActiveCfg = Release|Any CPU
		{FF0DBDDC-C17A-4974-98FD-C3AA2A8272DC}.Release|Any CPU.Build.0 = Release|Any CPU
		{4F2E2FC0-869D-433B-A674-44B7F1C24184}.Debug|Any CPU.ActiveCfg = Debug|Any CPU
		{4F2E2FC0-869D-433B-A674-44B7F1C24184}.Debug|Any CPU.Build.0 = Debug|Any CPU
		{4F2E2FC0-869D-433B-A674-44B7F1C24184}.Release|Any CPU.ActiveCfg = Release|Any CPU
		{4F2E2FC0-869D-433B-A674-44B7F1C24184}.Release|Any CPU.Build.0 = Release|Any CPU
	EndGlobalSection
	GlobalSection(SolutionProperties) = preSolution
		HideSolutionNode = FALSE
	EndGlobalSection
	GlobalSection(ExtensibilityGlobals) = postSolution
		SolutionGuid = {407AF04C-38E7-4F54-9EA8-77B248181C83}
	EndGlobalSection
EndGlobal
